// !$*UTF8*$!
{
	archiveVersion = 1;
	classes = {
	};
	objectVersion = 46;
	objects = {

/* Begin PBXBuildFile section */
		6A381FDB1CF40932008F63CE /* main.m in Sources */ = {isa = PBXBuildFile; fileRef = 6A381FDA1CF40932008F63CE /* main.m */; };
		6A381FDE1CF40932008F63CE /* AppDelegate.m in Sources */ = {isa = PBXBuildFile; fileRef = 6A381FDD1CF40932008F63CE /* AppDelegate.m */; };
		6A381FE11CF40932008F63CE /* ViewController.m in Sources */ = {isa = PBXBuildFile; fileRef = 6A381FE01CF40932008F63CE /* ViewController.m */; };
		6A381FE41CF40932008F63CE /* Main.storyboard in Resources */ = {isa = PBXBuildFile; fileRef = 6A381FE21CF40932008F63CE /* Main.storyboard */; };
		6A381FE61CF40932008F63CE /* Assets.xcassets in Resources */ = {isa = PBXBuildFile; fileRef = 6A381FE51CF40932008F63CE /* Assets.xcassets */; };
		6A381FE91CF40932008F63CE /* LaunchScreen.storyboard in Resources */ = {isa = PBXBuildFile; fileRef = 6A381FE71CF40932008F63CE /* LaunchScreen.storyboard */; };
		6A381FF41CF40933008F63CE /* PhotoBrowseTests.m in Sources */ = {isa = PBXBuildFile; fileRef = 6A381FF31CF40933008F63CE /* PhotoBrowseTests.m */; };
/* End PBXBuildFile section */

/* Begin PBXContainerItemProxy section */
		6A381FF01CF40932008F63CE /* PBXContainerItemProxy */ = {
			isa = PBXContainerItemProxy;
			containerPortal = 6A381FCE1CF40932008F63CE /* Project object */;
			proxyType = 1;
			remoteGlobalIDString = 6A381FD51CF40932008F63CE;
			remoteInfo = PhotoBrowse;
		};
/* End PBXContainerItemProxy section */

/* Begin PBXFileReference section */
		6A381FD61CF40932008F63CE /* PhotoBrowse.app */ = {isa = PBXFileReference; explicitFileType = wrapper.application; includeInIndex = 0; path = PhotoBrowse.app; sourceTree = BUILT_PRODUCTS_DIR; };
		6A381FDA1CF40932008F63CE /* main.m */ = {isa = PBXFileReference; lastKnownFileType = sourcecode.c.objc; path = main.m; sourceTree = "<group>"; };
		6A381FDC1CF40932008F63CE /* AppDelegate.h */ = {isa = PBXFileReference; lastKnownFileType = sourcecode.c.h; path = AppDelegate.h; sourceTree = "<group>"; };
		6A381FDD1CF40932008F63CE /* AppDelegate.m */ = {isa = PBXFileReference; lastKnownFileType = sourcecode.c.objc; path = AppDelegate.m; sourceTree = "<group>"; };
		6A381FDF1CF40932008F63CE /* ViewController.h */ = {isa = PBXFileReference; lastKnownFileType = sourcecode.c.h; path = ViewController.h; sourceTree = "<group>"; };
		6A381FE01CF40932008F63CE /* ViewController.m */ = {isa = PBXFileReference; lastKnownFileType = sourcecode.c.objc; path = ViewController.m; sourceTree = "<group>"; };
		6A381FE31CF40932008F63CE /* Base */ = {isa = PBXFileReference; lastKnownFileType = file.storyboard; name = Base; path = Base.lproj/Main.storyboard; sourceTree = "<group>"; };
		6A381FE51CF40932008F63CE /* Assets.xcassets */ = {isa = PBXFileReference; lastKnownFileType = folder.assetcatalog; path = Assets.xcassets; sourceTree = "<group>"; };
		6A381FE81CF40932008F63CE /* Base */ = {isa = PBXFileReference; lastKnownFileType = file.storyboard; name = Base; path = Base.lproj/LaunchScreen.storyboard; sourceTree = "<group>"; };
		6A381FEA1CF40932008F63CE /* Info.plist */ = {isa = PBXFileReference; lastKnownFileType = text.plist.xml; path = Info.plist; sourceTree = "<group>"; };
		6A381FEF1CF40932008F63CE /* PhotoBrowseTests.xctest */ = {isa = PBXFileReference; explicitFileType = wrapper.cfbundle; includeInIndex = 0; path = PhotoBrowseTests.xctest; sourceTree = BUILT_PRODUCTS_DIR; };
		6A381FF31CF40933008F63CE /* PhotoBrowseTests.m */ = {isa = PBXFileReference; lastKnownFileType = sourcecode.c.objc; path = PhotoBrowseTests.m; sourceTree = "<group>"; };
		6A381FF51CF40933008F63CE /* Info.plist */ = {isa = PBXFileReference; lastKnownFileType = text.plist.xml; path = Info.plist; sourceTree = "<group>"; };
/* End PBXFileReference section */

/* Begin PBXFrameworksBuildPhase section */
		6A381FD31CF40932008F63CE /* Frameworks */ = {
			isa = PBXFrameworksBuildPhase;
			buildActionMask = 2147483647;
			files = (
			);
			runOnlyForDeploymentPostprocessing = 0;
		};
		6A381FEC1CF40932008F63CE /* Frameworks */ = {
			isa = PBXFrameworksBuildPhase;
			buildActionMask = 2147483647;
			files = (
			);
			runOnlyForDeploymentPostprocessing = 0;
		};
/* End PBXFrameworksBuildPhase section */

/* Begin PBXGroup section */
		6A381FCD1CF40932008F63CE = {
			isa = PBXGroup;
			children = (
				6A381FD81CF40932008F63CE /* PhotoBrowse */,
				6A381FF21CF40932008F63CE /* PhotoBrowseTests */,
				6A381FD71CF40932008F63CE /* Products */,
			);
			sourceTree = "<group>";
		};
		6A381FD71CF40932008F63CE /* Products */ = {
			isa = PBXGroup;
			children = (
				6A381FD61CF40932008F63CE /* PhotoBrowse.app */,
				6A381FEF1CF40932008F63CE /* PhotoBrowseTests.xctest */,
			);
			name = Products;
			sourceTree = "<group>";
		};
		6A381FD81CF40932008F63CE /* PhotoBrowse */ = {
			isa = PBXGroup;
			children = (
				6A381FDC1CF40932008F63CE /* AppDelegate.h */,
				6A381FDD1CF40932008F63CE /* AppDelegate.m */,
				6A381FDF1CF40932008F63CE /* ViewController.h */,
				6A381FE01CF40932008F63CE /* ViewController.m */,
				6A381FE21CF40932008F63CE /* Main.storyboard */,
				6A381FE51CF40932008F63CE /* Assets.xcassets */,
				6A381FE71CF40932008F63CE /* LaunchScreen.storyboard */,
				6A381FEA1CF40932008F63CE /* Info.plist */,
				6A381FD91CF40932008F63CE /* Supporting Files */,
			);
			path = PhotoBrowse;
			sourceTree = "<group>";
		};
		6A381FD91CF40932008F63CE /* Supporting Files */ = {
			isa = PBXGroup;
			children = (
				6A381FDA1CF40932008F63CE /* main.m */,
			);
			name = "Supporting Files";
			sourceTree = "<group>";
		};
		6A381FF21CF40932008F63CE /* PhotoBrowseTests */ = {
			isa = PBXGroup;
			children = (
				6A381FF31CF40933008F63CE /* PhotoBrowseTests.m */,
				6A381FF51CF40933008F63CE /* Info.plist */,
			);
			path = PhotoBrowseTests;
			sourceTree = "<group>";
		};
/* End PBXGroup section */

/* Begin PBXNativeTarget section */
		6A381FD51CF40932008F63CE /* PhotoBrowse */ = {
			isa = PBXNativeTarget;
			buildConfigurationList = 6A381FF81CF40933008F63CE /* Build configuration list for PBXNativeTarget "PhotoBrowse" */;
			buildPhases = (
				6A381FD21CF40932008F63CE /* Sources */,
				6A381FD31CF40932008F63CE /* Frameworks */,
				6A381FD41CF40932008F63CE /* Resources */,
			);
			buildRules = (
			);
			dependencies = (
			);
			name = PhotoBrowse;
			productName = PhotoBrowse;
			productReference = 6A381FD61CF40932008F63CE /* PhotoBrowse.app */;
			productType = "com.apple.product-type.application";
		};
		6A381FEE1CF40932008F63CE /* PhotoBrowseTests */ = {
			isa = PBXNativeTarget;
			buildConfigurationList = 6A381FFB1CF40933008F63CE /* Build configuration list for PBXNativeTarget "PhotoBrowseTests" */;
			buildPhases = (
				6A381FEB1CF40932008F63CE /* Sources */,
				6A381FEC1CF40932008F63CE /* Frameworks */,
				6A381FED1CF40932008F63CE /* Resources */,
			);
			buildRules = (
			);
			dependencies = (
				6A381FF11CF40932008F63CE /* PBXTargetDependency */,
			);
			name = PhotoBrowseTests;
			productName = PhotoBrowseTests;
			productReference = 6A381FEF1CF40932008F63CE /* PhotoBrowseTests.xctest */;
			productType = "com.apple.product-type.bundle.unit-test";
		};
/* End PBXNativeTarget section */

/* Begin PBXProject section */
		6A381FCE1CF40932008F63CE /* Project object */ = {
			isa = PBXProject;
			attributes = {
				LastUpgradeCheck = 0730;
				ORGANIZATIONNAME = lidp;
				TargetAttributes = {
					6A381FD51CF40932008F63CE = {
						CreatedOnToolsVersion = 7.3;
					};
					6A381FEE1CF40932008F63CE = {
						CreatedOnToolsVersion = 7.3;
						TestTargetID = 6A381FD51CF40932008F63CE;
					};
				};
			};
			buildConfigurationList = 6A381FD11CF40932008F63CE /* Build configuration list for PBXProject "PhotoBrowse" */;
			compatibilityVersion = "Xcode 3.2";
			developmentRegion = English;
			hasScannedForEncodings = 0;
			knownRegions = (
				en,
				Base,
			);
			mainGroup = 6A381FCD1CF40932008F63CE;
			productRefGroup = 6A381FD71CF40932008F63CE /* Products */;
			projectDirPath = "";
			projectRoot = "";
			targets = (
				6A381FD51CF40932008F63CE /* PhotoBrowse */,
				6A381FEE1CF40932008F63CE /* PhotoBrowseTests */,
			);
		};
/* End PBXProject section */

/* Begin PBXResourcesBuildPhase section */
		6A381FD41CF40932008F63CE /* Resources */ = {
			isa = PBXResourcesBuildPhase;
			buildActionMask = 2147483647;
			files = (
				6A381FE91CF40932008F63CE /* LaunchScreen.storyboard in Resources */,
				6A381FE61CF40932008F63CE /* Assets.xcassets in Resources */,
				6A381FE41CF40932008F63CE /* Main.storyboard in Resources */,
			);
			runOnlyForDeploymentPostprocessing = 0;
		};
		6A381FED1CF40932008F63CE /* Resources */ = {
			isa = PBXResourcesBuildPhase;
			buildActionMask = 2147483647;
			files = (
			);
			runOnlyForDeploymentPostprocessing = 0;
		};
/* End PBXResourcesBuildPhase section */

/* Begin PBXSourcesBuildPhase section */
		6A381FD21CF40932008F63CE /* Sources */ = {
			isa = PBXSourcesBuildPhase;
			buildActionMask = 2147483647;
			files = (
				6A381FE11CF40932008F63CE /* ViewController.m in Sources */,
				6A381FDE1CF40932008F63CE /* AppDelegate.m in Sources */,
				6A381FDB1CF40932008F63CE /* main.m in Sources */,
			);
			runOnlyForDeploymentPostprocessing = 0;
		};
		6A381FEB1CF40932008F63CE /* Sources */ = {
			isa = PBXSourcesBuildPhase;
			buildActionMask = 2147483647;
			files = (
				6A381FF41CF40933008F63CE /* PhotoBrowseTests.m in Sources */,
			);
			runOnlyForDeploymentPostprocessing = 0;
		};
/* End PBXSourcesBuildPhase section */

/* Begin PBXTargetDependency section */
		6A381FF11CF40932008F63CE /* PBXTargetDependency */ = {
			isa = PBXTargetDependency;
			target = 6A381FD51CF40932008F63CE /* PhotoBrowse */;
			targetProxy = 6A381FF01CF40932008F63CE /* PBXContainerItemProxy */;
		};
/* End PBXTargetDependency section */

/* Begin PBXVariantGroup section */
		6A381FE21CF40932008F63CE /* Main.storyboard */ = {
			isa = PBXVariantGroup;
			children = (
				6A381FE31CF40932008F63CE /* Base */,
			);
			name = Main.storyboard;
			sourceTree = "<group>";
		};
		6A381FE71CF40932008F63CE /* LaunchScreen.storyboard */ = {
			isa = PBXVariantGroup;
			children = (
				6A381FE81CF40932008F63CE /* Base */,
			);
			name = LaunchScreen.storyboard;
			sourceTree = "<group>";
		};
/* End PBXVariantGroup section */

/* Begin XCBuildConfiguration section */
		6A381FF61CF40933008F63CE /* Debug */ = {
			isa = XCBuildConfiguration;
			buildSettings = {
				ALWAYS_SEARCH_USER_PATHS = NO;
				CLANG_ANALYZER_NONNULL = YES;
				CLANG_CXX_LANGUAGE_STANDARD = "gnu++0x";
				CLANG_CXX_LIBRARY = "libc++";
				CLANG_ENABLE_MODULES = YES;
				CLANG_ENABLE_OBJC_ARC = YES;
				CLANG_WARN_BOOL_CONVERSION = YES;
				CLANG_WARN_CONSTANT_CONVERSION = YES;
				CLANG_WARN_DIRECT_OBJC_ISA_USAGE = YES_ERROR;
				CLANG_WARN_EMPTY_BODY = YES;
				CLANG_WARN_ENUM_CONVERSION = YES;
				CLANG_WARN_INT_CONVERSION = YES;
				CLANG_WARN_OBJC_ROOT_CLASS = YES_ERROR;
				CLANG_WARN_UNREACHABLE_CODE = YES;
				CLANG_WARN__DUPLICATE_METHOD_MATCH = YES;
				"CODE_SIGN_IDENTITY[sdk=iphoneos*]" = "iPhone Developer";
				COPY_PHASE_STRIP = NO;
				DEBUG_INFORMATION_FORMAT = dwarf;
				ENABLE_STRICT_OBJC_MSGSEND = YES;
				ENABLE_TESTABILITY = YES;
				GCC_C_LANGUAGE_STANDARD = gnu99;
				GCC_DYNAMIC_NO_PIC = NO;
				GCC_NO_COMMON_BLOCKS = YES;
				GCC_OPTIMIZATION_LEVEL = 0;
				GCC_PREPROCESSOR_DEFINITIONS = (
					"DEBUG=1",
					"$(inherited)",
				);
				GCC_WARN_64_TO_32_BIT_CONVERSION = YES;
				GCC_WARN_ABOUT_RETURN_TYPE = YES_ERROR;
				GCC_WARN_UNDECLARED_SELECTOR = YES;
				GCC_WARN_UNINITIALIZED_AUTOS = YES_AGGRESSIVE;
				GCC_WARN_UNUSED_FUNCTION = YES;
				GCC_WARN_UNUSED_VARIABLE = YES;
				IPHONEOS_DEPLOYMENT_TARGET = 9.3;
				MTL_ENABLE_DEBUG_INFO = YES;
				ONLY_ACTIVE_ARCH = YES;
				SDKROOT = iphoneos;
			};
			name = Debug;
		};
		6A381FF71CF40933008F63CE /* Release */ = {
			isa = XCBuildConfiguration;
			buildSettings = {
				ALWAYS_SEARCH_USER_PATHS = NO;
				CLANG_ANALYZER_NONNULL = YES;
				CLANG_CXX_LANGUAGE_STANDARD = "gnu++0x";
				CLANG_CXX_LIBRARY = "libc++";
				CLANG_ENABLE_MODULES = YES;
				CLANG_ENABLE_OBJC_ARC = YES;
				CLANG_WARN_BOOL_CONVERSION = YES;
				CLANG_WARN_CONSTANT_CONVERSION = YES;
				CLANG_WARN_DIRECT_OBJC_ISA_USAGE = YES_ERROR;
				CLANG_WARN_EMPTY_BODY = YES;
				CLANG_WARN_ENUM_CONVERSION = YES;
				CLANG_WARN_INT_CONVERSION = YES;
				CLANG_WARN_OBJC_ROOT_CLASS = YES_ERROR;
				CLANG_WARN_UNREACHABLE_CODE = YES;
				CLANG_WARN__DUPLICATE_METHOD_MATCH = YES;
				"CODE_SIGN_IDENTITY[sdk=iphoneos*]" = "iPhone Developer";
				COPY_PHASE_STRIP = NO;
				DEBUG_INFORMATION_FORMAT = "dwarf-with-dsym";
				ENABLE_NS_ASSERTIONS = NO;
				ENABLE_STRICT_OBJC_MSGSEND = YES;
				GCC_C_LANGUAGE_STANDARD = gnu99;
				GCC_NO_COMMON_BLOCKS = YES;
				GCC_WARN_64_TO_32_BIT_CONVERSION = YES;
				GCC_WARN_ABOUT_RETURN_TYPE = YES_ERROR;
				GCC_WARN_UNDECLARED_SELECTOR = YES;
				GCC_WARN_UNINITIALIZED_AUTOS = YES_AGGRESSIVE;
				GCC_WARN_UNUSED_FUNCTION = YES;
				GCC_WARN_UNUSED_VARIABLE = YES;
				IPHONEOS_DEPLOYMENT_TARGET = 9.3;
				MTL_ENABLE_DEBUG_INFO = NO;
				SDKROOT = iphoneos;
				VALIDATE_PRODUCT = YES;
			};
			name = Release;
		};
		6A381FF91CF40933008F63CE /* Debug */ = {
			isa = XCBuildConfiguration;
			buildSettings = {
				ASSETCATALOG_COMPILER_APPICON_NAME = AppIcon;
				INFOPLIST_FILE = PhotoBrowse/Info.plist;
				LD_RUNPATH_SEARCH_PATHS = "$(inherited) @executable_path/Frameworks";
				PRODUCT_BUNDLE_IDENTIFIER = TTW.PhotoBrowse;
				PRODUCT_NAME = "$(TARGET_NAME)";
			};
			name = Debug;
		};
		6A381FFA1CF40933008F63CE /* Release */ = {
			isa = XCBuildConfiguration;
			buildSettings = {
				ASSETCATALOG_COMPILER_APPICON_NAME = AppIcon;
				INFOPLIST_FILE = PhotoBrowse/Info.plist;
				LD_RUNPATH_SEARCH_PATHS = "$(inherited) @executable_path/Frameworks";
				PRODUCT_BUNDLE_IDENTIFIER = TTW.PhotoBrowse;
				PRODUCT_NAME = "$(TARGET_NAME)";
			};
			name = Release;
		};
		6A381FFC1CF40933008F63CE /* Debug */ = {
			isa = XCBuildConfiguration;
			buildSettings = {
				BUNDLE_LOADER = "$(TEST_HOST)";
				INFOPLIST_FILE = PhotoBrowseTests/Info.plist;
				LD_RUNPATH_SEARCH_PATHS = "$(inherited) @executable_path/Frameworks @loader_path/Frameworks";
				PRODUCT_BUNDLE_IDENTIFIER = TTW.PhotoBrowseTests;
				PRODUCT_NAME = "$(TARGET_NAME)";
				TEST_HOST = "$(BUILT_PRODUCTS_DIR)/PhotoBrowse.app/PhotoBrowse";
			};
			name = Debug;
		};
		6A381FFD1CF40933008F63CE /* Release */ = {
			isa = XCBuildConfiguration;
			buildSettings = {
				BUNDLE_LOADER = "$(TEST_HOST)";
				INFOPLIST_FILE = PhotoBrowseTests/Info.plist;
				LD_RUNPATH_SEARCH_PATHS = "$(inherited) @executable_path/Frameworks @loader_path/Frameworks";
				PRODUCT_BUNDLE_IDENTIFIER = TTW.PhotoBrowseTests;
				PRODUCT_NAME = "$(TARGET_NAME)";
				TEST_HOST = "$(BUILT_PRODUCTS_DIR)/PhotoBrowse.app/PhotoBrowse";
			};
			name = Release;
		};
/* End XCBuildConfiguration section */

/* Begin XCConfigurationList section */
		6A381FD11CF40932008F63CE /* Build configuration list for PBXProject "PhotoBrowse" */ = {
			isa = XCConfigurationList;
			buildConfigurations = (
				6A381FF61CF40933008F63CE /* Debug */,
				6A381FF71CF40933008F63CE /* Release */,
			);
			defaultConfigurationIsVisible = 0;
			defaultConfigurationName = Release;
		};
		6A381FF81CF40933008F63CE /* Build configuration list for PBXNativeTarget "PhotoBrowse" */ = {
			isa = XCConfigurationList;
			buildConfigurations = (
				6A381FF91CF40933008F63CE /* Debug */,
				6A381FFA1CF40933008F63CE /* Release */,
			);
			defaultConfigurationIsVisible = 0;
		};
		6A381FFB1CF40933008F63CE /* Build configuration list for PBXNativeTarget "PhotoBrowseTests" */ = {
			isa = XCConfigurationList;
			buildConfigurations = (
				6A381FFC1CF40933008F63CE /* Debug */,
				6A381FFD1CF40933008F63CE /* Release */,
			);
			defaultConfigurationIsVisible = 0;
		};
/* End XCConfigurationList section */
	};
	rootObject = 6A381FCE1CF40932008F63CE /* Project object */;
}
